
Microsoft Visual Studio Solution File, Format Version 12.00
# Visual Studio Version 16
VisualStudioVersion = 16.0.29201.188
MinimumVisualStudioVersion = 10.0.40219.1
Project("{9A19103F-16F7-4668-BE54-9A1E7A4F7556}") = "Personas.Domain", "src\Personas.Domain\Personas.Domain.csproj", "{92071A0E-76F7-464A-B26B-93F325D406B3}"
EndProject
Project("{9A19103F-16F7-4668-BE54-9A1E7A4F7556}") = "Personas.Test", "test\Personas.Test\Personas.Test.csproj", "{DFFE8574-EED2-4C6F-8519-046E731912A5}"
EndProject
Project("{9A19103F-16F7-4668-BE54-9A1E7A4F7556}") = "Personas.Data", "src\Personas.Data\Personas.Data.csproj", "{E0A09D79-E12E-46DE-97F9-16D6A4A911F9}"
EndProject
Project("{9A19103F-16F7-4668-BE54-9A1E7A4F7556}") = "Personas.Api", "src\Personas.Api\Personas.Api.csproj", "{262D3515-0330-43CE-A2A2-56A867EF0A24}"
EndProject
Project("{9A19103F-16F7-4668-BE54-9A1E7A4F7556}") = "Personas.Host", "src\Personas.Host\Personas.Host.csproj", "{BEAD2509-6648-4E72-9244-634E4C1045D6}"
EndProject
Project("{9A19103F-16F7-4668-BE54-9A1E7A4F7556}") = "Personas.FunctionalTests", "test\Personas.FunctionalTests\Personas.FunctionalTests.csproj", "{C8965625-1000-4D2D-B105-A90268FB9C4D}"
EndProject
Project("{FAE04EC0-301F-11D3-BF4B-00C04F79EFBC}") = "Personas.Shared", "src\Personas.Shared\Personas.Shared.csproj", "{C01A5BB6-275F-4A82-B32F-1B5D669B3F48}"
EndProject
Global
	GlobalSection(SolutionConfigurationPlatforms) = preSolution
		Debug|Any CPU = Debug|Any CPU
		Release|Any CPU = Release|Any CPU
	EndGlobalSection
	GlobalSection(ProjectConfigurationPlatforms) = postSolution
		{92071A0E-76F7-464A-B26B-93F325D406B3}.Debug|Any CPU.ActiveCfg = Debug|Any CPU
		{92071A0E-76F7-464A-B26B-93F325D406B3}.Debug|Any CPU.Build.0 = Debug|Any CPU
		{92071A0E-76F7-464A-B26B-93F325D406B3}.Release|Any CPU.ActiveCfg = Release|Any CPU
		{92071A0E-76F7-464A-B26B-93F325D406B3}.Release|Any CPU.Build.0 = Release|Any CPU
		{DFFE8574-EED2-4C6F-8519-046E731912A5}.Debug|Any CPU.ActiveCfg = Debug|Any CPU
		{DFFE8574-EED2-4C6F-8519-046E731912A5}.Debug|Any CPU.Build.0 = Debug|Any CPU
		{DFFE8574-EED2-4C6F-8519-046E731912A5}.Release|Any CPU.ActiveCfg = Release|Any CPU
		{DFFE8574-EED2-4C6F-8519-046E731912A5}.Release|Any CPU.Build.0 = Release|Any CPU
		{E0A09D79-E12E-46DE-97F9-16D6A4A911F9}.Debug|Any CPU.ActiveCfg = Debug|Any CPU
		{E0A09D79-E12E-46DE-97F9-16D6A4A911F9}.Debug|Any CPU.Build.0 = Debug|Any CPU
		{E0A09D79-E12E-46DE-97F9-16D6A4A911F9}.Release|Any CPU.ActiveCfg = Release|Any CPU
		{E0A09D79-E12E-46DE-97F9-16D6A4A911F9}.Release|Any CPU.Build.0 = Release|Any CPU
		{262D3515-0330-43CE-A2A2-56A867EF0A24}.Debug|Any CPU.ActiveCfg = Debug|Any CPU
		{262D3515-0330-43CE-A2A2-56A867EF0A24}.Debug|Any CPU.Build.0 = Debug|Any CPU
		{262D3515-0330-43CE-A2A2-56A867EF0A24}.Release|Any CPU.ActiveCfg = Release|Any CPU
		{262D3515-0330-43CE-A2A2-56A867EF0A24}.Release|Any CPU.Build.0 = Release|Any CPU
		{BEAD2509-6648-4E72-9244-634E4C1045D6}.Debug|Any CPU.ActiveCfg = Debug|Any CPU
		{BEAD2509-6648-4E72-9244-634E4C1045D6}.Debug|Any CPU.Build.0 = Debug|Any CPU
		{BEAD2509-6648-4E72-9244-634E4C1045D6}.Release|Any CPU.ActiveCfg = Release|Any CPU
		{BEAD2509-6648-4E72-9244-634E4C1045D6}.Release|Any CPU.Build.0 = Release|Any CPU
		{C8965625-1000-4D2D-B105-A90268FB9C4D}.Debug|Any CPU.ActiveCfg = Debug|Any CPU
		{C8965625-1000-4D2D-B105-A90268FB9C4D}.Debug|Any CPU.Build.0 = Debug|Any CPU
		{C8965625-1000-4D2D-B105-A90268FB9C4D}.Release|Any CPU.ActiveCfg = Release|Any CPU
		{C8965625-1000-4D2D-B105-A90268FB9C4D}.Release|Any CPU.Build.0 = Release|Any CPU
		{C01A5BB6-275F-4A82-B32F-1B5D669B3F48}.Debug|Any CPU.ActiveCfg = Debug|Any CPU
		{C01A5BB6-275F-4A82-B32F-1B5D669B3F48}.Debug|Any CPU.Build.0 = Debug|Any CPU
		{C01A5BB6-275F-4A82-B32F-1B5D669B3F48}.Release|Any CPU.ActiveCfg = Release|Any CPU
		{C01A5BB6-275F-4A82-B32F-1B5D669B3F48}.Release|Any CPU.Build.0 = Release|Any CPU
	EndGlobalSection
	GlobalSection(SolutionProperties) = preSolution
		HideSolutionNode = FALSE
	EndGlobalSection
	GlobalSection(ExtensibilityGlobals) = postSolution
		SolutionGuid = {5EA69C14-A557-4DC7-8300-F611825CB6E1}
	EndGlobalSection
EndGlobal
